{
  "name": "@sass/api",
  "version": "1.0.0",
  "lockfileVersion": 3,
  "requires": true,
  "packages": {
    "": {
      "name": "@sass/api",
      "version": "1.0.0",
      "dependencies": {
        "@sass/api": "file:"
      }
    },
    "node_modules/@sass/api": {
      "resolved": "",
      "link": true
    }
  }
}
